
Microsoft Visual Studio Solution File, Format Version 12.00
# Visual Studio Version 17
VisualStudioVersion = 17.10.34928.147
MinimumVisualStudioVersion = 10.0.40219.1
Project("{FAE04EC0-301F-11D3-BF4B-00C04F79EFBC}") = "Lab11OOP", "Lab11OOP.csproj", "{16BFE69A-7699-4173-B1EE-9E33C2DCB127}"
EndProject
Global
	GlobalSection(SolutionConfigurationPlatforms) = preSolution
		Debug|Any CPU = Debug|Any CPU
		Release|Any CPU = Release|Any CPU
	EndGlobalSection
	GlobalSection(ProjectConfigurationPlatforms) = postSolution
		{16BFE69A-7699-4173-B1EE-9E33C2DCB127}.Debug|Any CPU.ActiveCfg = Debug|Any CPU
		{16BFE69A-7699-4173-B1EE-9E33C2DCB127}.Debug|Any CPU.Build.0 = Debug|Any CPU
		{16BFE69A-7699-4173-B1EE-9E33C2DCB127}.Release|Any CPU.ActiveCfg = Release|Any CPU
		{16BFE69A-7699-4173-B1EE-9E33C2DCB127}.Release|Any CPU.Build.0 = Release|Any CPU
	EndGlobalSection
	GlobalSection(SolutionProperties) = preSolution
		HideSolutionNode = FALSE
	EndGlobalSection
	GlobalSection(ExtensibilityGlobals) = postSolution
		SolutionGuid = {B727A3C8-D392-45E4-91BF-67B105D4FBD4}
	EndGlobalSection
EndGlobal
